
Microsoft Visual Studio Solution File, Format Version 12.00
# Visual Studio Version 16
VisualStudioVersion = 16.0.31229.75
MinimumVisualStudioVersion = 10.0.40219.1
Project("{FAE04EC0-301F-11D3-BF4B-00C04F79EFBC}") = "SortingApplication", "SortingApplication\SortingApplication.csproj", "{415755DF-E320-42C0-B15F-B8615183A127}"
EndProject
Global
	GlobalSection(SolutionConfigurationPlatforms) = preSolution
		Debug|Any CPU = Debug|Any CPU
		Release|Any CPU = Release|Any CPU
	EndGlobalSection
	GlobalSection(ProjectConfigurationPlatforms) = postSolution
		{415755DF-E320-42C0-B15F-B8615183A127}.Debug|Any CPU.ActiveCfg = Debug|Any CPU
		{415755DF-E320-42C0-B15F-B8615183A127}.Debug|Any CPU.Build.0 = Debug|Any CPU
		{415755DF-E320-42C0-B15F-B8615183A127}.Release|Any CPU.ActiveCfg = Release|Any CPU
		{415755DF-E320-42C0-B15F-B8615183A127}.Release|Any CPU.Build.0 = Release|Any CPU
	EndGlobalSection
	GlobalSection(SolutionProperties) = preSolution
		HideSolutionNode = FALSE
	EndGlobalSection
	GlobalSection(ExtensibilityGlobals) = postSolution
		SolutionGuid = {DA195714-CD5E-40E9-B8EC-B24877045F37}
	EndGlobalSection
EndGlobal
